
Microsoft Visual Studio Solution File, Format Version 12.00
# Visual Studio Version 16
VisualStudioVersion = 16.0.30225.117
MinimumVisualStudioVersion = 10.0.40219.1
Project("{9A19103F-16F7-4668-BE54-9A1E7A4F7556}") = "MyHomeBookkeeping.BL", "MyHomeBookkeeping.BL\MyHomeBookkeeping.BL.csproj", "{FAF4B23F-7642-4A9A-8BE0-70D17D159EDD}"
EndProject
Project("{FAE04EC0-301F-11D3-BF4B-00C04F79EFBC}") = "MyHomeBookkeeping.CMD", "MyHomeBookkeeping.CMD\MyHomeBookkeeping.CMD.csproj", "{DDFE31D0-9328-4A08-95A1-7EE149172C31}"
EndProject
Global
	GlobalSection(SolutionConfigurationPlatforms) = preSolution
		Debug|Any CPU = Debug|Any CPU
		Release|Any CPU = Release|Any CPU
	EndGlobalSection
	GlobalSection(ProjectConfigurationPlatforms) = postSolution
		{FAF4B23F-7642-4A9A-8BE0-70D17D159EDD}.Debug|Any CPU.ActiveCfg = Debug|Any CPU
		{FAF4B23F-7642-4A9A-8BE0-70D17D159EDD}.Debug|Any CPU.Build.0 = Debug|Any CPU
		{FAF4B23F-7642-4A9A-8BE0-70D17D159EDD}.Release|Any CPU.ActiveCfg = Release|Any CPU
		{FAF4B23F-7642-4A9A-8BE0-70D17D159EDD}.Release|Any CPU.Build.0 = Release|Any CPU
		{DDFE31D0-9328-4A08-95A1-7EE149172C31}.Debug|Any CPU.ActiveCfg = Debug|Any CPU
		{DDFE31D0-9328-4A08-95A1-7EE149172C31}.Debug|Any CPU.Build.0 = Debug|Any CPU
		{DDFE31D0-9328-4A08-95A1-7EE149172C31}.Release|Any CPU.ActiveCfg = Release|Any CPU
		{DDFE31D0-9328-4A08-95A1-7EE149172C31}.Release|Any CPU.Build.0 = Release|Any CPU
	EndGlobalSection
	GlobalSection(SolutionProperties) = preSolution
		HideSolutionNode = FALSE
	EndGlobalSection
	GlobalSection(ExtensibilityGlobals) = postSolution
		SolutionGuid = {7BBD5AE2-BAB7-43CE-9301-3FB33E8E66BD}
	EndGlobalSection
EndGlobal
